
Microsoft Visual Studio Solution File, Format Version 12.00
# Visual Studio Version 17
VisualStudioVersion = 17.1.32421.90
MinimumVisualStudioVersion = 10.0.40219.1
Project("{8BC9CEB8-8B4A-11D0-8D11-00A0C91BC942}") = "review_22_05_02", "review_22_05_02\review_22_05_02.vcxproj", "{00AF7620-5D55-4713-9BFD-482D18F60AC8}"
EndProject
Global
	GlobalSection(SolutionConfigurationPlatforms) = preSolution
		Debug|x64 = Debug|x64
		Debug|x86 = Debug|x86
		Release|x64 = Release|x64
		Release|x86 = Release|x86
	EndGlobalSection
	GlobalSection(ProjectConfigurationPlatforms) = postSolution
		{00AF7620-5D55-4713-9BFD-482D18F60AC8}.Debug|x64.ActiveCfg = Debug|x64
		{00AF7620-5D55-4713-9BFD-482D18F60AC8}.Debug|x64.Build.0 = Debug|x64
		{00AF7620-5D55-4713-9BFD-482D18F60AC8}.Debug|x86.ActiveCfg = Debug|Win32
		{00AF7620-5D55-4713-9BFD-482D18F60AC8}.Debug|x86.Build.0 = Debug|Win32
		{00AF7620-5D55-4713-9BFD-482D18F60AC8}.Release|x64.ActiveCfg = Release|x64
		{00AF7620-5D55-4713-9BFD-482D18F60AC8}.Release|x64.Build.0 = Release|x64
		{00AF7620-5D55-4713-9BFD-482D18F60AC8}.Release|x86.ActiveCfg = Release|Win32
		{00AF7620-5D55-4713-9BFD-482D18F60AC8}.Release|x86.Build.0 = Release|Win32
	EndGlobalSection
	GlobalSection(SolutionProperties) = preSolution
		HideSolutionNode = FALSE
	EndGlobalSection
	GlobalSection(ExtensibilityGlobals) = postSolution
		SolutionGuid = {D07DC6A1-B7B9-4AB2-A11C-CC545569128E}
	EndGlobalSection
EndGlobal
